
Microsoft Visual Studio Solution File, Format Version 12.00
# Visual Studio Version 16
VisualStudioVersion = 16.0.34301.259
MinimumVisualStudioVersion = 10.0.40219.1
Project("{FAE04EC0-301F-11D3-BF4B-00C04F79EFBC}") = "Sitecore.Foundation.PublishJobScheduler", "Sitecore.Foundation.PublishJobScheduler\Sitecore.Foundation.PublishJobScheduler.csproj", "{46DE59AC-3B0B-4D72-90DB-867DBA04CE04}"
EndProject
Global
	GlobalSection(SolutionConfigurationPlatforms) = preSolution
		Debug|Any CPU = Debug|Any CPU
		Release|Any CPU = Release|Any CPU
	EndGlobalSection
	GlobalSection(ProjectConfigurationPlatforms) = postSolution
		{46DE59AC-3B0B-4D72-90DB-867DBA04CE04}.Debug|Any CPU.ActiveCfg = Debug|Any CPU
		{46DE59AC-3B0B-4D72-90DB-867DBA04CE04}.Debug|Any CPU.Build.0 = Debug|Any CPU
		{46DE59AC-3B0B-4D72-90DB-867DBA04CE04}.Release|Any CPU.ActiveCfg = Release|Any CPU
		{46DE59AC-3B0B-4D72-90DB-867DBA04CE04}.Release|Any CPU.Build.0 = Release|Any CPU
	EndGlobalSection
	GlobalSection(SolutionProperties) = preSolution
		HideSolutionNode = FALSE
	EndGlobalSection
	GlobalSection(ExtensibilityGlobals) = postSolution
		SolutionGuid = {12724296-CE65-490A-99E3-2B19C72732AB}
	EndGlobalSection
EndGlobal
